# This file is automatically @generated by Poetry and should not be changed by hand.

[[package]]
name = "cloudlog-commons"
version = "0.1.0"
description = "common library for CLoudLog lambdas"
category = "main"
optional = false
python-versions = "^3.9"
files = []
develop = true

[package.source]
type = "directory"
url = "../../cloudlog_commons"

[metadata]
lock-version = "2.0"
python-versions = "^3.10"
content-hash = "6daf6c33340ce5e6295d1d2b7d62aa52fe355fbbc91d1369de646d41eb1d2d5c"
